
Microsoft Visual Studio Solution File, Format Version 12.00
# Visual Studio Version 17
VisualStudioVersion = 17.14.36401.2 d17.14
MinimumVisualStudioVersion = 10.0.40219.1
Project("{FAE04EC0-301F-11D3-BF4B-00C04F79EFBC}") = "HomePage", "HomePage\HomePage.csproj", "{35211EFA-D8B5-4E79-9F24-6A8C2433ED11}"
EndProject
Global
	GlobalSection(SolutionConfigurationPlatforms) = preSolution
		Debug|Any CPU = Debug|Any CPU
		Release|Any CPU = Release|Any CPU
	EndGlobalSection
	GlobalSection(ProjectConfigurationPlatforms) = postSolution
		{35211EFA-D8B5-4E79-9F24-6A8C2433ED11}.Debug|Any CPU.ActiveCfg = Debug|Any CPU
		{35211EFA-D8B5-4E79-9F24-6A8C2433ED11}.Debug|Any CPU.Build.0 = Debug|Any CPU
		{35211EFA-D8B5-4E79-9F24-6A8C2433ED11}.Release|Any CPU.ActiveCfg = Release|Any CPU
		{35211EFA-D8B5-4E79-9F24-6A8C2433ED11}.Release|Any CPU.Build.0 = Release|Any CPU
	EndGlobalSection
	GlobalSection(SolutionProperties) = preSolution
		HideSolutionNode = FALSE
	EndGlobalSection
	GlobalSection(ExtensibilityGlobals) = postSolution
		SolutionGuid = {F118E159-35DF-4EE8-AA16-BAC66F0917BE}
	EndGlobalSection
EndGlobal
